
Microsoft Visual Studio Solution File, Format Version 12.00
# Visual Studio 15
VisualStudioVersion = 15.0.27428.2015
MinimumVisualStudioVersion = 10.0.40219.1
Project("{FAE04EC0-301F-11D3-BF4B-00C04F79EFBC}") = "DartConsole", "DartConsole\DartConsole.csproj", "{3338B924-3137-4AD1-B79F-FAA2716B453D}"
EndProject
Global
	GlobalSection(SolutionConfigurationPlatforms) = preSolution
		Debug|Any CPU = Debug|Any CPU
		Release|Any CPU = Release|Any CPU
	EndGlobalSection
	GlobalSection(ProjectConfigurationPlatforms) = postSolution
		{3338B924-3137-4AD1-B79F-FAA2716B453D}.Debug|Any CPU.ActiveCfg = Debug|Any CPU
		{3338B924-3137-4AD1-B79F-FAA2716B453D}.Debug|Any CPU.Build.0 = Debug|Any CPU
		{3338B924-3137-4AD1-B79F-FAA2716B453D}.Release|Any CPU.ActiveCfg = Release|Any CPU
		{3338B924-3137-4AD1-B79F-FAA2716B453D}.Release|Any CPU.Build.0 = Release|Any CPU
	EndGlobalSection
	GlobalSection(SolutionProperties) = preSolution
		HideSolutionNode = FALSE
	EndGlobalSection
	GlobalSection(ExtensibilityGlobals) = postSolution
		SolutionGuid = {5771D4FD-7A26-460F-A724-FA58155D001B}
	EndGlobalSection
EndGlobal
